
Microsoft Visual Studio Solution File, Format Version 12.00
# Visual Studio Version 16
VisualStudioVersion = 16.0.30804.86
MinimumVisualStudioVersion = 10.0.40219.1
Project("{FAE04EC0-301F-11D3-BF4B-00C04F79EFBC}") = "Directions Reduction", "Directions Reduction\Directions Reduction.csproj", "{7C07846C-A96F-4955-A532-AA14EC0DE5B4}"
EndProject
Global
	GlobalSection(SolutionConfigurationPlatforms) = preSolution
		Debug|Any CPU = Debug|Any CPU
		Release|Any CPU = Release|Any CPU
	EndGlobalSection
	GlobalSection(ProjectConfigurationPlatforms) = postSolution
		{7C07846C-A96F-4955-A532-AA14EC0DE5B4}.Debug|Any CPU.ActiveCfg = Debug|Any CPU
		{7C07846C-A96F-4955-A532-AA14EC0DE5B4}.Debug|Any CPU.Build.0 = Debug|Any CPU
		{7C07846C-A96F-4955-A532-AA14EC0DE5B4}.Release|Any CPU.ActiveCfg = Release|Any CPU
		{7C07846C-A96F-4955-A532-AA14EC0DE5B4}.Release|Any CPU.Build.0 = Release|Any CPU
	EndGlobalSection
	GlobalSection(SolutionProperties) = preSolution
		HideSolutionNode = FALSE
	EndGlobalSection
	GlobalSection(ExtensibilityGlobals) = postSolution
		SolutionGuid = {7D9F37EA-104B-4A62-8B8E-74D639D7BA06}
	EndGlobalSection
EndGlobal
